
Microsoft Visual Studio Solution File, Format Version 12.00
# Visual Studio Version 16
VisualStudioVersion = 16.0.31702.278
MinimumVisualStudioVersion = 10.0.40219.1
Project("{FAE04EC0-301F-11D3-BF4B-00C04F79EFBC}") = "ContriesAndCities", "ContriesAndCities.csproj", "{C5018003-1708-4F57-8129-2132686521CB}"
EndProject
Global
	GlobalSection(SolutionConfigurationPlatforms) = preSolution
		Debug|Any CPU = Debug|Any CPU
		Release|Any CPU = Release|Any CPU
	EndGlobalSection
	GlobalSection(ProjectConfigurationPlatforms) = postSolution
		{C5018003-1708-4F57-8129-2132686521CB}.Debug|Any CPU.ActiveCfg = Debug|Any CPU
		{C5018003-1708-4F57-8129-2132686521CB}.Debug|Any CPU.Build.0 = Debug|Any CPU
		{C5018003-1708-4F57-8129-2132686521CB}.Release|Any CPU.ActiveCfg = Release|Any CPU
		{C5018003-1708-4F57-8129-2132686521CB}.Release|Any CPU.Build.0 = Release|Any CPU
	EndGlobalSection
	GlobalSection(SolutionProperties) = preSolution
		HideSolutionNode = FALSE
	EndGlobalSection
	GlobalSection(ExtensibilityGlobals) = postSolution
		SolutionGuid = {C99E77D6-03A7-499F-815E-7A68A04CD6DA}
	EndGlobalSection
EndGlobal
